// !$*UTF8*$!
{
	archiveVersion = 1;
	classes = {
	};
	objectVersion = 50;
	objects = {

/* Begin PBXBuildFile section */
		FD1236D3237997B200F23E56 /* AVExample.m in Sources */ = {isa = PBXBuildFile; fileRef = FD1236D2237997B200F23E56 /* AVExample.m */; };
		FD1271982369BA1200C2B8A4 /* AVEnglWord.m in Sources */ = {isa = PBXBuildFile; fileRef = FD1271972369BA1200C2B8A4 /* AVEnglWord.m */; };
		FD12719B236C289700C2B8A4 /* AVMeaningShortWords.m in Sources */ = {isa = PBXBuildFile; fileRef = FD12719A236C289700C2B8A4 /* AVMeaningShortWords.m */; };
		FD15C426234F4E9100F3B69C /* AVButton.m in Sources */ = {isa = PBXBuildFile; fileRef = FD15C425234F4E9100F3B69C /* AVButton.m */; };
		FD18379F235DA72700334EDF /* arrayCommit.txt in Resources */ = {isa = PBXBuildFile; fileRef = FD18379E235DA72600334EDF /* arrayCommit.txt */; };
		FD1E5D0F238412610082DA44 /* NSStrign+extension.m in Sources */ = {isa = PBXBuildFile; fileRef = FD1E5D0E238412610082DA44 /* NSStrign+extension.m */; };
		FD23869F2340E3D9001A7B18 /* AppDelegate.m in Sources */ = {isa = PBXBuildFile; fileRef = FD23869E2340E3D9001A7B18 /* AppDelegate.m */; };
		FD2386A22340E3D9001A7B18 /* ViewController.m in Sources */ = {isa = PBXBuildFile; fileRef = FD2386A12340E3D9001A7B18 /* ViewController.m */; };
		FD2386A52340E3D9001A7B18 /* Main.storyboard in Resources */ = {isa = PBXBuildFile; fileRef = FD2386A32340E3D9001A7B18 /* Main.storyboard */; };
		FD2386A72340E3DD001A7B18 /* Assets.xcassets in Resources */ = {isa = PBXBuildFile; fileRef = FD2386A62340E3DD001A7B18 /* Assets.xcassets */; };
		FD2386AA2340E3DD001A7B18 /* LaunchScreen.storyboard in Resources */ = {isa = PBXBuildFile; fileRef = FD2386A82340E3DD001A7B18 /* LaunchScreen.storyboard */; };
		FD2386AD2340E3DD001A7B18 /* main.m in Sources */ = {isa = PBXBuildFile; fileRef = FD2386AC2340E3DD001A7B18 /* main.m */; };
		FD23C24B238D1F7F0010C95B /* AVCreateBaseObjects.m in Sources */ = {isa = PBXBuildFile; fileRef = FD23C24A238D1F7F0010C95B /* AVCreateBaseObjects.m */; };
		FD696BA923543C1A0032423F /* savedStringEndingData.txt in Resources */ = {isa = PBXBuildFile; fileRef = FD696BA823543C1A0032423F /* savedStringEndingData.txt */; };
		FDA01122237D1CDD00326094 /* AVRusMeaning.m in Sources */ = {isa = PBXBuildFile; fileRef = FDA01121237D1CDD00326094 /* AVRusMeaning.m */; };
		FDA01125237D237D00326094 /* AVMakeBASE.m in Sources */ = {isa = PBXBuildFile; fileRef = FDA01124237D237D00326094 /* AVMakeBASE.m */; };
		FDA49D6B23436C8E00DC80F5 /* TableViewController.m in Sources */ = {isa = PBXBuildFile; fileRef = FDA49D6A23436C8E00DC80F5 /* TableViewController.m */; };
		FDA49D6E23436D0D00DC80F5 /* AVMainManager.m in Sources */ = {isa = PBXBuildFile; fileRef = FDA49D6D23436D0D00DC80F5 /* AVMainManager.m */; };
		FDB522D5237420B1008F199F /* AVPhrasalVerb.m in Sources */ = {isa = PBXBuildFile; fileRef = FDB522D4237420B1008F199F /* AVPhrasalVerb.m */; };
/* End PBXBuildFile section */

/* Begin PBXFileReference section */
		FD1236D1237997B200F23E56 /* AVExample.h */ = {isa = PBXFileReference; lastKnownFileType = sourcecode.c.h; path = AVExample.h; sourceTree = "<group>"; };
		FD1236D2237997B200F23E56 /* AVExample.m */ = {isa = PBXFileReference; lastKnownFileType = sourcecode.c.objc; path = AVExample.m; sourceTree = "<group>"; };
		FD1271962369BA1200C2B8A4 /* AVEnglWord.h */ = {isa = PBXFileReference; lastKnownFileType = sourcecode.c.h; path = AVEnglWord.h; sourceTree = "<group>"; };
		FD1271972369BA1200C2B8A4 /* AVEnglWord.m */ = {isa = PBXFileReference; lastKnownFileType = sourcecode.c.objc; path = AVEnglWord.m; sourceTree = "<group>"; };
		FD127199236C289700C2B8A4 /* AVMeaningShortWords.h */ = {isa = PBXFileReference; lastKnownFileType = sourcecode.c.h; path = AVMeaningShortWords.h; sourceTree = "<group>"; };
		FD12719A236C289700C2B8A4 /* AVMeaningShortWords.m */ = {isa = PBXFileReference; lastKnownFileType = sourcecode.c.objc; path = AVMeaningShortWords.m; sourceTree = "<group>"; };
		FD15C424234F4E9100F3B69C /* AVButton.h */ = {isa = PBXFileReference; lastKnownFileType = sourcecode.c.h; path = AVButton.h; sourceTree = "<group>"; };
		FD15C425234F4E9100F3B69C /* AVButton.m */ = {isa = PBXFileReference; lastKnownFileType = sourcecode.c.objc; path = AVButton.m; sourceTree = "<group>"; };
		FD18379E235DA72600334EDF /* arrayCommit.txt */ = {isa = PBXFileReference; fileEncoding = 4; lastKnownFileType = text; path = arrayCommit.txt; sourceTree = "<group>"; };
		FD1E5D0D238412610082DA44 /* NSStrign+extension.h */ = {isa = PBXFileReference; lastKnownFileType = sourcecode.c.h; path = "NSStrign+extension.h"; sourceTree = "<group>"; };
		FD1E5D0E238412610082DA44 /* NSStrign+extension.m */ = {isa = PBXFileReference; lastKnownFileType = sourcecode.c.objc; path = "NSStrign+extension.m"; sourceTree = "<group>"; };
		FD23869A2340E3D9001A7B18 /* Dictionary@2.app */ = {isa = PBXFileReference; explicitFileType = wrapper.application; includeInIndex = 0; path = "Dictionary@2.app"; sourceTree = BUILT_PRODUCTS_DIR; };
		FD23869D2340E3D9001A7B18 /* AppDelegate.h */ = {isa = PBXFileReference; lastKnownFileType = sourcecode.c.h; path = AppDelegate.h; sourceTree = "<group>"; };
		FD23869E2340E3D9001A7B18 /* AppDelegate.m */ = {isa = PBXFileReference; lastKnownFileType = sourcecode.c.objc; path = AppDelegate.m; sourceTree = "<group>"; };
		FD2386A02340E3D9001A7B18 /* ViewController.h */ = {isa = PBXFileReference; lastKnownFileType = sourcecode.c.h; path = ViewController.h; sourceTree = "<group>"; };
		FD2386A12340E3D9001A7B18 /* ViewController.m */ = {isa = PBXFileReference; lastKnownFileType = sourcecode.c.objc; path = ViewController.m; sourceTree = "<group>"; };
		FD2386A42340E3D9001A7B18 /* Base */ = {isa = PBXFileReference; lastKnownFileType = file.storyboard; name = Base; path = Base.lproj/Main.storyboard; sourceTree = "<group>"; };
		FD2386A62340E3DD001A7B18 /* Assets.xcassets */ = {isa = PBXFileReference; lastKnownFileType = folder.assetcatalog; path = Assets.xcassets; sourceTree = "<group>"; };
		FD2386A92340E3DD001A7B18 /* Base */ = {isa = PBXFileReference; lastKnownFileType = file.storyboard; name = Base; path = Base.lproj/LaunchScreen.storyboard; sourceTree = "<group>"; };
		FD2386AB2340E3DD001A7B18 /* Info.plist */ = {isa = PBXFileReference; lastKnownFileType = text.plist.xml; path = Info.plist; sourceTree = "<group>"; };
		FD2386AC2340E3DD001A7B18 /* main.m */ = {isa = PBXFileReference; lastKnownFileType = sourcecode.c.objc; path = main.m; sourceTree = "<group>"; };
		FD23C249238D1F7F0010C95B /* AVCreateBaseObjects.h */ = {isa = PBXFileReference; lastKnownFileType = sourcecode.c.h; path = AVCreateBaseObjects.h; sourceTree = "<group>"; };
		FD23C24A238D1F7F0010C95B /* AVCreateBaseObjects.m */ = {isa = PBXFileReference; lastKnownFileType = sourcecode.c.objc; path = AVCreateBaseObjects.m; sourceTree = "<group>"; };
		FD696BA823543C1A0032423F /* savedStringEndingData.txt */ = {isa = PBXFileReference; fileEncoding = 4; lastKnownFileType = text; path = savedStringEndingData.txt; sourceTree = "<group>"; };
		FDA01120237D1CDD00326094 /* AVRusMeaning.h */ = {isa = PBXFileReference; lastKnownFileType = sourcecode.c.h; path = AVRusMeaning.h; sourceTree = "<group>"; };
		FDA01121237D1CDD00326094 /* AVRusMeaning.m */ = {isa = PBXFileReference; lastKnownFileType = sourcecode.c.objc; path = AVRusMeaning.m; sourceTree = "<group>"; };
		FDA01123237D237D00326094 /* AVMakeBASE.h */ = {isa = PBXFileReference; lastKnownFileType = sourcecode.c.h; path = AVMakeBASE.h; sourceTree = "<group>"; };
		FDA01124237D237D00326094 /* AVMakeBASE.m */ = {isa = PBXFileReference; lastKnownFileType = sourcecode.c.objc; path = AVMakeBASE.m; sourceTree = "<group>"; };
		FDA49D6923436C8E00DC80F5 /* TableViewController.h */ = {isa = PBXFileReference; lastKnownFileType = sourcecode.c.h; path = TableViewController.h; sourceTree = "<group>"; };
		FDA49D6A23436C8E00DC80F5 /* TableViewController.m */ = {isa = PBXFileReference; lastKnownFileType = sourcecode.c.objc; path = TableViewController.m; sourceTree = "<group>"; };
		FDA49D6C23436D0D00DC80F5 /* AVMainManager.h */ = {isa = PBXFileReference; lastKnownFileType = sourcecode.c.h; path = AVMainManager.h; sourceTree = "<group>"; };
		FDA49D6D23436D0D00DC80F5 /* AVMainManager.m */ = {isa = PBXFileReference; lastKnownFileType = sourcecode.c.objc; path = AVMainManager.m; sourceTree = "<group>"; };
		FDB522D3237420B1008F199F /* AVPhrasalVerb.h */ = {isa = PBXFileReference; lastKnownFileType = sourcecode.c.h; path = AVPhrasalVerb.h; sourceTree = "<group>"; };
		FDB522D4237420B1008F199F /* AVPhrasalVerb.m */ = {isa = PBXFileReference; lastKnownFileType = sourcecode.c.objc; path = AVPhrasalVerb.m; sourceTree = "<group>"; };
/* End PBXFileReference section */

/* Begin PBXFrameworksBuildPhase section */
		FD2386972340E3D9001A7B18 /* Frameworks */ = {
			isa = PBXFrameworksBuildPhase;
			buildActionMask = 2147483647;
			files = (
			);
			runOnlyForDeploymentPostprocessing = 0;
		};
/* End PBXFrameworksBuildPhase section */

/* Begin PBXGroup section */
		FD2386912340E3D9001A7B18 = {
			isa = PBXGroup;
			children = (
				FD23869C2340E3D9001A7B18 /* Dictionary@2 */,
				FD23869B2340E3D9001A7B18 /* Products */,
			);
			sourceTree = "<group>";
		};
		FD23869B2340E3D9001A7B18 /* Products */ = {
			isa = PBXGroup;
			children = (
				FD23869A2340E3D9001A7B18 /* Dictionary@2.app */,
			);
			name = Products;
			sourceTree = "<group>";
		};
		FD23869C2340E3D9001A7B18 /* Dictionary@2 */ = {
			isa = PBXGroup;
			children = (
				FD23C249238D1F7F0010C95B /* AVCreateBaseObjects.h */,
				FD23C24A238D1F7F0010C95B /* AVCreateBaseObjects.m */,
				FD1E5D0D238412610082DA44 /* NSStrign+extension.h */,
				FD1E5D0E238412610082DA44 /* NSStrign+extension.m */,
				FD127199236C289700C2B8A4 /* AVMeaningShortWords.h */,
				FD12719A236C289700C2B8A4 /* AVMeaningShortWords.m */,
				FD15C424234F4E9100F3B69C /* AVButton.h */,
				FD15C425234F4E9100F3B69C /* AVButton.m */,
				FD2386A02340E3D9001A7B18 /* ViewController.h */,
				FD2386A12340E3D9001A7B18 /* ViewController.m */,
				FD1271962369BA1200C2B8A4 /* AVEnglWord.h */,
				FD1271972369BA1200C2B8A4 /* AVEnglWord.m */,
				FDB522D3237420B1008F199F /* AVPhrasalVerb.h */,
				FDB522D4237420B1008F199F /* AVPhrasalVerb.m */,
				FDA01120237D1CDD00326094 /* AVRusMeaning.h */,
				FDA01121237D1CDD00326094 /* AVRusMeaning.m */,
				FD1236D1237997B200F23E56 /* AVExample.h */,
				FD1236D2237997B200F23E56 /* AVExample.m */,
				FDA49D6923436C8E00DC80F5 /* TableViewController.h */,
				FDA49D6A23436C8E00DC80F5 /* TableViewController.m */,
				FDA49D6C23436D0D00DC80F5 /* AVMainManager.h */,
				FDA49D6D23436D0D00DC80F5 /* AVMainManager.m */,
				FD23869E2340E3D9001A7B18 /* AppDelegate.m */,
				FD23869D2340E3D9001A7B18 /* AppDelegate.h */,
				FD2386A62340E3DD001A7B18 /* Assets.xcassets */,
				FD2386AB2340E3DD001A7B18 /* Info.plist */,
				FD2386AC2340E3DD001A7B18 /* main.m */,
				FD2386A32340E3D9001A7B18 /* Main.storyboard */,
				FD2386A82340E3DD001A7B18 /* LaunchScreen.storyboard */,
				FD18379E235DA72600334EDF /* arrayCommit.txt */,
				FD696BA823543C1A0032423F /* savedStringEndingData.txt */,
				FDA01123237D237D00326094 /* AVMakeBASE.h */,
				FDA01124237D237D00326094 /* AVMakeBASE.m */,
			);
			path = "Dictionary@2";
			sourceTree = "<group>";
		};
/* End PBXGroup section */

/* Begin PBXNativeTarget section */
		FD2386992340E3D9001A7B18 /* Dictionary@2 */ = {
			isa = PBXNativeTarget;
			buildConfigurationList = FD2386B02340E3DD001A7B18 /* Build configuration list for PBXNativeTarget "Dictionary@2" */;
			buildPhases = (
				FD2386962340E3D9001A7B18 /* Sources */,
				FD2386972340E3D9001A7B18 /* Frameworks */,
				FD2386982340E3D9001A7B18 /* Resources */,
			);
			buildRules = (
			);
			dependencies = (
			);
			name = "Dictionary@2";
			productName = "Dictionary@2";
			productReference = FD23869A2340E3D9001A7B18 /* Dictionary@2.app */;
			productType = "com.apple.product-type.application";
		};
/* End PBXNativeTarget section */

/* Begin PBXProject section */
		FD2386922340E3D9001A7B18 /* Project object */ = {
			isa = PBXProject;
			attributes = {
				LastUpgradeCheck = 1020;
				ORGANIZATIONNAME = AnatolyRyavkin;
				TargetAttributes = {
					FD2386992340E3D9001A7B18 = {
						CreatedOnToolsVersion = 10.2.1;
					};
				};
			};
			buildConfigurationList = FD2386952340E3D9001A7B18 /* Build configuration list for PBXProject "Dictionary@2" */;
			compatibilityVersion = "Xcode 9.3";
			developmentRegion = en;
			hasScannedForEncodings = 0;
			knownRegions = (
				en,
				Base,
			);
			mainGroup = FD2386912340E3D9001A7B18;
			productRefGroup = FD23869B2340E3D9001A7B18 /* Products */;
			projectDirPath = "";
			projectRoot = "";
			targets = (
				FD2386992340E3D9001A7B18 /* Dictionary@2 */,
			);
		};
/* End PBXProject section */

/* Begin PBXResourcesBuildPhase section */
		FD2386982340E3D9001A7B18 /* Resources */ = {
			isa = PBXResourcesBuildPhase;
			buildActionMask = 2147483647;
			files = (
				FD696BA923543C1A0032423F /* savedStringEndingData.txt in Resources */,
				FD18379F235DA72700334EDF /* arrayCommit.txt in Resources */,
				FD2386AA2340E3DD001A7B18 /* LaunchScreen.storyboard in Resources */,
				FD2386A72340E3DD001A7B18 /* Assets.xcassets in Resources */,
				FD2386A52340E3D9001A7B18 /* Main.storyboard in Resources */,
			);
			runOnlyForDeploymentPostprocessing = 0;
		};
/* End PBXResourcesBuildPhase section */

/* Begin PBXSourcesBuildPhase section */
		FD2386962340E3D9001A7B18 /* Sources */ = {
			isa = PBXSourcesBuildPhase;
			buildActionMask = 2147483647;
			files = (
				FD15C426234F4E9100F3B69C /* AVButton.m in Sources */,
				FD1271982369BA1200C2B8A4 /* AVEnglWord.m in Sources */,
				FDB522D5237420B1008F199F /* AVPhrasalVerb.m in Sources */,
				FD1E5D0F238412610082DA44 /* NSStrign+extension.m in Sources */,
				FD23C24B238D1F7F0010C95B /* AVCreateBaseObjects.m in Sources */,
				FDA01125237D237D00326094 /* AVMakeBASE.m in Sources */,
				FD2386A22340E3D9001A7B18 /* ViewController.m in Sources */,
				FD2386AD2340E3DD001A7B18 /* main.m in Sources */,
				FDA49D6E23436D0D00DC80F5 /* AVMainManager.m in Sources */,
				FD12719B236C289700C2B8A4 /* AVMeaningShortWords.m in Sources */,
				FDA01122237D1CDD00326094 /* AVRusMeaning.m in Sources */,
				FD1236D3237997B200F23E56 /* AVExample.m in Sources */,
				FD23869F2340E3D9001A7B18 /* AppDelegate.m in Sources */,
				FDA49D6B23436C8E00DC80F5 /* TableViewController.m in Sources */,
			);
			runOnlyForDeploymentPostprocessing = 0;
		};
/* End PBXSourcesBuildPhase section */

/* Begin PBXVariantGroup section */
		FD2386A32340E3D9001A7B18 /* Main.storyboard */ = {
			isa = PBXVariantGroup;
			children = (
				FD2386A42340E3D9001A7B18 /* Base */,
			);
			name = Main.storyboard;
			sourceTree = "<group>";
		};
		FD2386A82340E3DD001A7B18 /* LaunchScreen.storyboard */ = {
			isa = PBXVariantGroup;
			children = (
				FD2386A92340E3DD001A7B18 /* Base */,
			);
			name = LaunchScreen.storyboard;
			sourceTree = "<group>";
		};
/* End PBXVariantGroup section */

/* Begin XCBuildConfiguration section */
		FD2386AE2340E3DD001A7B18 /* Debug */ = {
			isa = XCBuildConfiguration;
			buildSettings = {
				ALWAYS_SEARCH_USER_PATHS = NO;
				CLANG_ANALYZER_NONNULL = YES;
				CLANG_ANALYZER_NUMBER_OBJECT_CONVERSION = YES_AGGRESSIVE;
				CLANG_CXX_LANGUAGE_STANDARD = "gnu++14";
				CLANG_CXX_LIBRARY = "libc++";
				CLANG_ENABLE_MODULES = YES;
				CLANG_ENABLE_OBJC_ARC = YES;
				CLANG_ENABLE_OBJC_WEAK = YES;
				CLANG_WARN_BLOCK_CAPTURE_AUTORELEASING = YES;
				CLANG_WARN_BOOL_CONVERSION = YES;
				CLANG_WARN_COMMA = YES;
				CLANG_WARN_CONSTANT_CONVERSION = YES;
				CLANG_WARN_DEPRECATED_OBJC_IMPLEMENTATIONS = YES;
				CLANG_WARN_DIRECT_OBJC_ISA_USAGE = YES_ERROR;
				CLANG_WARN_DOCUMENTATION_COMMENTS = YES;
				CLANG_WARN_EMPTY_BODY = YES;
				CLANG_WARN_ENUM_CONVERSION = YES;
				CLANG_WARN_INFINITE_RECURSION = YES;
				CLANG_WARN_INT_CONVERSION = YES;
				CLANG_WARN_NON_LITERAL_NULL_CONVERSION = YES;
				CLANG_WARN_OBJC_IMPLICIT_RETAIN_SELF = YES;
				CLANG_WARN_OBJC_LITERAL_CONVERSION = YES;
				CLANG_WARN_OBJC_ROOT_CLASS = YES_ERROR;
				CLANG_WARN_RANGE_LOOP_ANALYSIS = YES;
				CLANG_WARN_STRICT_PROTOTYPES = YES;
				CLANG_WARN_SUSPICIOUS_MOVE = YES;
				CLANG_WARN_UNGUARDED_AVAILABILITY = YES_AGGRESSIVE;
				CLANG_WARN_UNREACHABLE_CODE = YES;
				CLANG_WARN__DUPLICATE_METHOD_MATCH = YES;
				CODE_SIGN_IDENTITY = "iPhone Developer";
				COPY_PHASE_STRIP = NO;
				DEBUG_INFORMATION_FORMAT = dwarf;
				ENABLE_STRICT_OBJC_MSGSEND = YES;
				ENABLE_TESTABILITY = YES;
				GCC_C_LANGUAGE_STANDARD = gnu11;
				GCC_DYNAMIC_NO_PIC = NO;
				GCC_NO_COMMON_BLOCKS = YES;
				GCC_OPTIMIZATION_LEVEL = 0;
				GCC_PREPROCESSOR_DEFINITIONS = (
					"DEBUG=1",
					"$(inherited)",
				);
				GCC_WARN_64_TO_32_BIT_CONVERSION = YES;
				GCC_WARN_ABOUT_RETURN_TYPE = YES_ERROR;
				GCC_WARN_UNDECLARED_SELECTOR = YES;
				GCC_WARN_UNINITIALIZED_AUTOS = YES_AGGRESSIVE;
				GCC_WARN_UNUSED_FUNCTION = YES;
				GCC_WARN_UNUSED_VARIABLE = YES;
				IPHONEOS_DEPLOYMENT_TARGET = 12.2;
				MTL_ENABLE_DEBUG_INFO = INCLUDE_SOURCE;
				MTL_FAST_MATH = YES;
				ONLY_ACTIVE_ARCH = YES;
				SDKROOT = iphoneos;
			};
			name = Debug;
		};
		FD2386AF2340E3DD001A7B18 /* Release */ = {
			isa = XCBuildConfiguration;
			buildSettings = {
				ALWAYS_SEARCH_USER_PATHS = NO;
				CLANG_ANALYZER_NONNULL = YES;
				CLANG_ANALYZER_NUMBER_OBJECT_CONVERSION = YES_AGGRESSIVE;
				CLANG_CXX_LANGUAGE_STANDARD = "gnu++14";
				CLANG_CXX_LIBRARY = "libc++";
				CLANG_ENABLE_MODULES = YES;
				CLANG_ENABLE_OBJC_ARC = YES;
				CLANG_ENABLE_OBJC_WEAK = YES;
				CLANG_WARN_BLOCK_CAPTURE_AUTORELEASING = YES;
				CLANG_WARN_BOOL_CONVERSION = YES;
				CLANG_WARN_COMMA = YES;
				CLANG_WARN_CONSTANT_CONVERSION = YES;
				CLANG_WARN_DEPRECATED_OBJC_IMPLEMENTATIONS = YES;
				CLANG_WARN_DIRECT_OBJC_ISA_USAGE = YES_ERROR;
				CLANG_WARN_DOCUMENTATION_COMMENTS = YES;
				CLANG_WARN_EMPTY_BODY = YES;
				CLANG_WARN_ENUM_CONVERSION = YES;
				CLANG_WARN_INFINITE_RECURSION = YES;
				CLANG_WARN_INT_CONVERSION = YES;
				CLANG_WARN_NON_LITERAL_NULL_CONVERSION = YES;
				CLANG_WARN_OBJC_IMPLICIT_RETAIN_SELF = YES;
				CLANG_WARN_OBJC_LITERAL_CONVERSION = YES;
				CLANG_WARN_OBJC_ROOT_CLASS = YES_ERROR;
				CLANG_WARN_RANGE_LOOP_ANALYSIS = YES;
				CLANG_WARN_STRICT_PROTOTYPES = YES;
				CLANG_WARN_SUSPICIOUS_MOVE = YES;
				CLANG_WARN_UNGUARDED_AVAILABILITY = YES_AGGRESSIVE;
				CLANG_WARN_UNREACHABLE_CODE = YES;
				CLANG_WARN__DUPLICATE_METHOD_MATCH = YES;
				CODE_SIGN_IDENTITY = "iPhone Developer";
				COPY_PHASE_STRIP = NO;
				DEBUG_INFORMATION_FORMAT = "dwarf-with-dsym";
				ENABLE_NS_ASSERTIONS = NO;
				ENABLE_STRICT_OBJC_MSGSEND = YES;
				GCC_C_LANGUAGE_STANDARD = gnu11;
				GCC_NO_COMMON_BLOCKS = YES;
				GCC_WARN_64_TO_32_BIT_CONVERSION = YES;
				GCC_WARN_ABOUT_RETURN_TYPE = YES_ERROR;
				GCC_WARN_UNDECLARED_SELECTOR = YES;
				GCC_WARN_UNINITIALIZED_AUTOS = YES_AGGRESSIVE;
				GCC_WARN_UNUSED_FUNCTION = YES;
				GCC_WARN_UNUSED_VARIABLE = YES;
				IPHONEOS_DEPLOYMENT_TARGET = 12.2;
				MTL_ENABLE_DEBUG_INFO = NO;
				MTL_FAST_MATH = YES;
				SDKROOT = iphoneos;
				VALIDATE_PRODUCT = YES;
			};
			name = Release;
		};
		FD2386B12340E3DD001A7B18 /* Debug */ = {
			isa = XCBuildConfiguration;
			buildSettings = {
				ASSETCATALOG_COMPILER_APPICON_NAME = AppIcon;
				CODE_SIGN_STYLE = Automatic;
				DEVELOPMENT_TEAM = 92NKZ7998L;
				INFOPLIST_FILE = "Dictionary@2/Info.plist";
				LD_RUNPATH_SEARCH_PATHS = (
					"$(inherited)",
					"@executable_path/Frameworks",
				);
				PRODUCT_BUNDLE_IDENTIFIER = "AnatatolyRyavkin.Dictionary-2";
				PRODUCT_NAME = "$(TARGET_NAME)";
				TARGETED_DEVICE_FAMILY = "1,2";
			};
			name = Debug;
		};
		FD2386B22340E3DD001A7B18 /* Release */ = {
			isa = XCBuildConfiguration;
			buildSettings = {
				ASSETCATALOG_COMPILER_APPICON_NAME = AppIcon;
				CODE_SIGN_STYLE = Automatic;
				DEVELOPMENT_TEAM = 92NKZ7998L;
				INFOPLIST_FILE = "Dictionary@2/Info.plist";
				LD_RUNPATH_SEARCH_PATHS = (
					"$(inherited)",
					"@executable_path/Frameworks",
				);
				PRODUCT_BUNDLE_IDENTIFIER = "AnatatolyRyavkin.Dictionary-2";
				PRODUCT_NAME = "$(TARGET_NAME)";
				TARGETED_DEVICE_FAMILY = "1,2";
			};
			name = Release;
		};
/* End XCBuildConfiguration section */

/* Begin XCConfigurationList section */
		FD2386952340E3D9001A7B18 /* Build configuration list for PBXProject "Dictionary@2" */ = {
			isa = XCConfigurationList;
			buildConfigurations = (
				FD2386AE2340E3DD001A7B18 /* Debug */,
				FD2386AF2340E3DD001A7B18 /* Release */,
			);
			defaultConfigurationIsVisible = 0;
			defaultConfigurationName = Release;
		};
		FD2386B02340E3DD001A7B18 /* Build configuration list for PBXNativeTarget "Dictionary@2" */ = {
			isa = XCConfigurationList;
			buildConfigurations = (
				FD2386B12340E3DD001A7B18 /* Debug */,
				FD2386B22340E3DD001A7B18 /* Release */,
			);
			defaultConfigurationIsVisible = 0;
			defaultConfigurationName = Release;
		};
/* End XCConfigurationList section */
	};
	rootObject = FD2386922340E3D9001A7B18 /* Project object */;
}
